
Microsoft Visual Studio Solution File, Format Version 12.00
# Visual Studio 15
Project("{FAE04EC0-301F-11D3-BF4B-00C04F79EFBC}") = "Assembly-CSharp-Editor", "Assembly-CSharp-Editor.csproj", "{99DC6939-CEC7-33E6-8E10-1501A5210EBE}"
EndProject
Project("{FAE04EC0-301F-11D3-BF4B-00C04F79EFBC}") = "Assembly-CSharp", "Assembly-CSharp.csproj", "{9FD1E330-C0DB-6C4F-02A1-95DFF4CF1AE0}"
EndProject
Global
	GlobalSection(SolutionConfigurationPlatforms) = preSolution
		Debug|Any CPU = Debug|Any CPU
		Release|Any CPU = Release|Any CPU
	EndGlobalSection
	GlobalSection(ProjectConfigurationPlatforms) = postSolution
		{99DC6939-CEC7-33E6-8E10-1501A5210EBE}.Debug|Any CPU.ActiveCfg = Debug|Any CPU
		{99DC6939-CEC7-33E6-8E10-1501A5210EBE}.Debug|Any CPU.Build.0 = Debug|Any CPU
		{99DC6939-CEC7-33E6-8E10-1501A5210EBE}.Release|Any CPU.ActiveCfg = Release|Any CPU
		{99DC6939-CEC7-33E6-8E10-1501A5210EBE}.Release|Any CPU.Build.0 = Release|Any CPU
		{9FD1E330-C0DB-6C4F-02A1-95DFF4CF1AE0}.Debug|Any CPU.ActiveCfg = Debug|Any CPU
		{9FD1E330-C0DB-6C4F-02A1-95DFF4CF1AE0}.Debug|Any CPU.Build.0 = Debug|Any CPU
		{9FD1E330-C0DB-6C4F-02A1-95DFF4CF1AE0}.Release|Any CPU.ActiveCfg = Release|Any CPU
		{9FD1E330-C0DB-6C4F-02A1-95DFF4CF1AE0}.Release|Any CPU.Build.0 = Release|Any CPU
	EndGlobalSection
	GlobalSection(SolutionProperties) = preSolution
		HideSolutionNode = FALSE
	EndGlobalSection
EndGlobal
